// !$*UTF8*$!
{
	archiveVersion = 1;
	classes = {
	};
	objectVersion = 46;
	objects = {

/* Begin PBXBuildFile section */
		1C3307721B46E6B100224322 /* AppDelegate.swift in Sources */ = {isa = PBXBuildFile; fileRef = 1C3307711B46E6B100224322 /* AppDelegate.swift */; };
		1C3307771B46E6B100224322 /* Main.storyboard in Resources */ = {isa = PBXBuildFile; fileRef = 1C3307751B46E6B100224322 /* Main.storyboard */; };
		1C3307791B46E6B100224322 /* Images.xcassets in Resources */ = {isa = PBXBuildFile; fileRef = 1C3307781B46E6B100224322 /* Images.xcassets */; };
		1C33077C1B46E6B100224322 /* LaunchScreen.xib in Resources */ = {isa = PBXBuildFile; fileRef = 1C33077A1B46E6B100224322 /* LaunchScreen.xib */; };
		1C3307881B46E6B100224322 /* UrtuuTests.swift in Sources */ = {isa = PBXBuildFile; fileRef = 1C3307871B46E6B100224322 /* UrtuuTests.swift */; };
		1C407E271B5DDC9D00991F58 /* HTTPHelper.swift in Sources */ = {isa = PBXBuildFile; fileRef = 1C407E261B5DDC9D00991F58 /* HTTPHelper.swift */; };
		1C4F95981B61B7ED00314E2A /* AddListingTableViewController.swift in Sources */ = {isa = PBXBuildFile; fileRef = 1C4F95971B61B7ED00314E2A /* AddListingTableViewController.swift */; };
		1C4F959A1B61BABD00314E2A /* NewListingSearchResultsController.swift in Sources */ = {isa = PBXBuildFile; fileRef = 1C4F95991B61BABD00314E2A /* NewListingSearchResultsController.swift */; };
		1C4FD0A61B573B9C00A0A121 /* SellerCell.swift in Sources */ = {isa = PBXBuildFile; fileRef = 1C4FD0A41B573B9C00A0A121 /* SellerCell.swift */; };
		1C4FD0A71B573B9C00A0A121 /* SellerCell.xib in Resources */ = {isa = PBXBuildFile; fileRef = 1C4FD0A51B573B9C00A0A121 /* SellerCell.xib */; };
		1C784D751B4AF1690054CB9B /* BuyViewController.swift in Sources */ = {isa = PBXBuildFile; fileRef = 1C784D731B4AF1690054CB9B /* BuyViewController.swift */; };
		1C784D7C1B4B30D40054CB9B /* NavigationTableViewCell.swift in Sources */ = {isa = PBXBuildFile; fileRef = 1C784D7B1B4B30D40054CB9B /* NavigationTableViewCell.swift */; };
		1C784DB21B4C5B370054CB9B /* CategoryViewController.swift in Sources */ = {isa = PBXBuildFile; fileRef = 1C784DB11B4C5B370054CB9B /* CategoryViewController.swift */; };
		1C784DB41B4C614B0054CB9B /* ItemCollectionViewCell.swift in Sources */ = {isa = PBXBuildFile; fileRef = 1C784DB31B4C614B0054CB9B /* ItemCollectionViewCell.swift */; };
		1C89FC671B597439003C5BCC /* KASlideShow.m in Sources */ = {isa = PBXBuildFile; fileRef = 1C89FC661B597439003C5BCC /* KASlideShow.m */; };
		1C90279E1B4ED57B0039E390 /* Item.swift in Sources */ = {isa = PBXBuildFile; fileRef = 1C90279D1B4ED57B0039E390 /* Item.swift */; };
		1C9027A21B4F71BD0039E390 /* ItemTableViewCell.swift in Sources */ = {isa = PBXBuildFile; fileRef = 1C9027A11B4F71BD0039E390 /* ItemTableViewCell.swift */; };
		1C9E248D1B7FBF4F007CEE36 /* BasicInfoController.swift in Sources */ = {isa = PBXBuildFile; fileRef = 1C9E248C1B7FBF4F007CEE36 /* BasicInfoController.swift */; };
		1C9E248F1B7FC671007CEE36 /* AddressPhoneNumController.swift in Sources */ = {isa = PBXBuildFile; fileRef = 1C9E248E1B7FC671007CEE36 /* AddressPhoneNumController.swift */; };
		1C9E24911B7FFB38007CEE36 /* PaymentSettingsController.swift in Sources */ = {isa = PBXBuildFile; fileRef = 1C9E24901B7FFB38007CEE36 /* PaymentSettingsController.swift */; };
		1C9E24931B8006EE007CEE36 /* OrderHistoryViewController.swift in Sources */ = {isa = PBXBuildFile; fileRef = 1C9E24921B8006EE007CEE36 /* OrderHistoryViewController.swift */; };
		1CCD0C731B54984900821C30 /* ItemDetailCell.swift in Sources */ = {isa = PBXBuildFile; fileRef = 1CCD0C711B54984900821C30 /* ItemDetailCell.swift */; };
		1CCD0C741B54984900821C30 /* ItemDetailCell.xib in Resources */ = {isa = PBXBuildFile; fileRef = 1CCD0C721B54984900821C30 /* ItemDetailCell.xib */; };
		1CDF1F181B581E2400A03709 /* CartViewController.swift in Sources */ = {isa = PBXBuildFile; fileRef = 1CDF1F171B581E2400A03709 /* CartViewController.swift */; };
		1CDF1F1A1B581E4B00A03709 /* Cart.swift in Sources */ = {isa = PBXBuildFile; fileRef = 1CDF1F191B581E4B00A03709 /* Cart.swift */; };
		1CDF1F1E1B582F7800A03709 /* CartItemCell.swift in Sources */ = {isa = PBXBuildFile; fileRef = 1CDF1F1D1B582F7800A03709 /* CartItemCell.swift */; };
		1CEAC0DF1B50314E00DDE13C /* ItemDetailViewController.swift in Sources */ = {isa = PBXBuildFile; fileRef = 1CEAC0DE1B50314E00DDE13C /* ItemDetailViewController.swift */; };
		1CF26DA41B7916DA00E0676F /* CategoryPickerViewController.swift in Sources */ = {isa = PBXBuildFile; fileRef = 1CF26DA31B7916DA00E0676F /* CategoryPickerViewController.swift */; };
		1CF26DA61B793A2900E0676F /* CategoryCell.swift in Sources */ = {isa = PBXBuildFile; fileRef = 1CF26DA51B793A2900E0676F /* CategoryCell.swift */; };
		1CF26DA81B79485F00E0676F /* Categories.plist in Resources */ = {isa = PBXBuildFile; fileRef = 1CF26DA71B79485F00E0676F /* Categories.plist */; };
		1CF26DAA1B79728A00E0676F /* SubcategoryPickerViewController.swift in Sources */ = {isa = PBXBuildFile; fileRef = 1CF26DA91B79728A00E0676F /* SubcategoryPickerViewController.swift */; };
		1CF26DAC1B7973C700E0676F /* SubcategoryCell.swift in Sources */ = {isa = PBXBuildFile; fileRef = 1CF26DAB1B7973C700E0676F /* SubcategoryCell.swift */; };
		1CF26DAE1B797E8000E0676F /* Constants.swift in Sources */ = {isa = PBXBuildFile; fileRef = 1CF26DAD1B797E8000E0676F /* Constants.swift */; };
		1CF26DB21B7A48C600E0676F /* Properties.plist in Resources */ = {isa = PBXBuildFile; fileRef = 1CF26DB11B7A48C600E0676F /* Properties.plist */; };
		1CF26DB41B7A9B6E00E0676F /* PropertyPickerController.swift in Sources */ = {isa = PBXBuildFile; fileRef = 1CF26DB31B7A9B6E00E0676F /* PropertyPickerController.swift */; };
		1CF26DB61B7A9D0E00E0676F /* PropertyCell.swift in Sources */ = {isa = PBXBuildFile; fileRef = 1CF26DB51B7A9D0E00E0676F /* PropertyCell.swift */; };
		1CF26DC01B7B9CE100E0676F /* FBSDKCoreKit.framework in Frameworks */ = {isa = PBXBuildFile; fileRef = 1CF26DBD1B7B9CE100E0676F /* FBSDKCoreKit.framework */; };
		1CF26DC11B7B9CE100E0676F /* FBSDKLoginKit.framework in Frameworks */ = {isa = PBXBuildFile; fileRef = 1CF26DBE1B7B9CE100E0676F /* FBSDKLoginKit.framework */; };
		1CF26DC21B7B9CE100E0676F /* FBSDKShareKit.framework in Frameworks */ = {isa = PBXBuildFile; fileRef = 1CF26DBF1B7B9CE100E0676F /* FBSDKShareKit.framework */; };
		1CF26DC51B7BA22800E0676F /* LoginViewController.swift in Sources */ = {isa = PBXBuildFile; fileRef = 1CF26DC41B7BA22800E0676F /* LoginViewController.swift */; };
		1CF26DC71B7BBC6F00E0676F /* AccountViewController.swift in Sources */ = {isa = PBXBuildFile; fileRef = 1CF26DC61B7BBC6F00E0676F /* AccountViewController.swift */; };
		1CF4E1E21B5D4EA900CAC2F3 /* Listing.swift in Sources */ = {isa = PBXBuildFile; fileRef = 1CF4E1E11B5D4EA900CAC2F3 /* Listing.swift */; };
		1CF4E1E41B5D5A8700CAC2F3 /* User.swift in Sources */ = {isa = PBXBuildFile; fileRef = 1CF4E1E31B5D5A8700CAC2F3 /* User.swift */; };
		1CF4E1E91B5D6E2D00CAC2F3 /* SellViewController.swift in Sources */ = {isa = PBXBuildFile; fileRef = 1CF4E1E81B5D6E2D00CAC2F3 /* SellViewController.swift */; };
		1CF4E1EB1B5D710C00CAC2F3 /* ListingCollectionViewCell.swift in Sources */ = {isa = PBXBuildFile; fileRef = 1CF4E1EA1B5D710C00CAC2F3 /* ListingCollectionViewCell.swift */; };
/* End PBXBuildFile section */

/* Begin PBXContainerItemProxy section */
		1C3307821B46E6B100224322 /* PBXContainerItemProxy */ = {
			isa = PBXContainerItemProxy;
			containerPortal = 1C3307641B46E6B100224322 /* Project object */;
			proxyType = 1;
			remoteGlobalIDString = 1C33076B1B46E6B100224322;
			remoteInfo = Urtuu;
		};
/* End PBXContainerItemProxy section */

/* Begin PBXFileReference section */
		1C33076C1B46E6B100224322 /* Urtuu.app */ = {isa = PBXFileReference; explicitFileType = wrapper.application; includeInIndex = 0; path = Urtuu.app; sourceTree = BUILT_PRODUCTS_DIR; };
		1C3307701B46E6B100224322 /* Info.plist */ = {isa = PBXFileReference; lastKnownFileType = text.plist.xml; path = Info.plist; sourceTree = "<group>"; };
		1C3307711B46E6B100224322 /* AppDelegate.swift */ = {isa = PBXFileReference; lastKnownFileType = sourcecode.swift; path = AppDelegate.swift; sourceTree = "<group>"; };
		1C3307761B46E6B100224322 /* Base */ = {isa = PBXFileReference; lastKnownFileType = file.storyboard; name = Base; path = Base.lproj/Main.storyboard; sourceTree = "<group>"; };
		1C3307781B46E6B100224322 /* Images.xcassets */ = {isa = PBXFileReference; lastKnownFileType = folder.assetcatalog; path = Images.xcassets; sourceTree = "<group>"; };
		1C33077B1B46E6B100224322 /* Base */ = {isa = PBXFileReference; lastKnownFileType = file.xib; name = Base; path = Base.lproj/LaunchScreen.xib; sourceTree = "<group>"; };
		1C3307811B46E6B100224322 /* UrtuuTests.xctest */ = {isa = PBXFileReference; explicitFileType = wrapper.cfbundle; includeInIndex = 0; path = UrtuuTests.xctest; sourceTree = BUILT_PRODUCTS_DIR; };
		1C3307861B46E6B100224322 /* Info.plist */ = {isa = PBXFileReference; lastKnownFileType = text.plist.xml; path = Info.plist; sourceTree = "<group>"; };
		1C3307871B46E6B100224322 /* UrtuuTests.swift */ = {isa = PBXFileReference; lastKnownFileType = sourcecode.swift; path = UrtuuTests.swift; sourceTree = "<group>"; };
		1C407E261B5DDC9D00991F58 /* HTTPHelper.swift */ = {isa = PBXFileReference; fileEncoding = 4; lastKnownFileType = sourcecode.swift; path = HTTPHelper.swift; sourceTree = "<group>"; };
		1C4F95971B61B7ED00314E2A /* AddListingTableViewController.swift */ = {isa = PBXFileReference; fileEncoding = 4; lastKnownFileType = sourcecode.swift; path = AddListingTableViewController.swift; sourceTree = "<group>"; };
		1C4F95991B61BABD00314E2A /* NewListingSearchResultsController.swift */ = {isa = PBXFileReference; fileEncoding = 4; lastKnownFileType = sourcecode.swift; path = NewListingSearchResultsController.swift; sourceTree = "<group>"; };
		1C4FD0A41B573B9C00A0A121 /* SellerCell.swift */ = {isa = PBXFileReference; fileEncoding = 4; lastKnownFileType = sourcecode.swift; path = SellerCell.swift; sourceTree = "<group>"; };
		1C4FD0A51B573B9C00A0A121 /* SellerCell.xib */ = {isa = PBXFileReference; fileEncoding = 4; lastKnownFileType = file.xib; path = SellerCell.xib; sourceTree = "<group>"; };
		1C784D731B4AF1690054CB9B /* BuyViewController.swift */ = {isa = PBXFileReference; fileEncoding = 4; lastKnownFileType = sourcecode.swift; path = BuyViewController.swift; sourceTree = "<group>"; };
		1C784D7B1B4B30D40054CB9B /* NavigationTableViewCell.swift */ = {isa = PBXFileReference; fileEncoding = 4; lastKnownFileType = sourcecode.swift; path = NavigationTableViewCell.swift; sourceTree = "<group>"; };
		1C784DB11B4C5B370054CB9B /* CategoryViewController.swift */ = {isa = PBXFileReference; fileEncoding = 4; lastKnownFileType = sourcecode.swift; path = CategoryViewController.swift; sourceTree = "<group>"; };
		1C784DB31B4C614B0054CB9B /* ItemCollectionViewCell.swift */ = {isa = PBXFileReference; fileEncoding = 4; lastKnownFileType = sourcecode.swift; path = ItemCollectionViewCell.swift; sourceTree = "<group>"; };
		1C89FC641B597438003C5BCC /* Urtuu-Bridging-Header.h */ = {isa = PBXFileReference; lastKnownFileType = sourcecode.c.h; path = "Urtuu-Bridging-Header.h"; sourceTree = "<group>"; };
		1C89FC651B597439003C5BCC /* KASlideShow.h */ = {isa = PBXFileReference; fileEncoding = 4; lastKnownFileType = sourcecode.c.h; path = KASlideShow.h; sourceTree = "<group>"; };
		1C89FC661B597439003C5BCC /* KASlideShow.m */ = {isa = PBXFileReference; fileEncoding = 4; lastKnownFileType = sourcecode.c.objc; path = KASlideShow.m; sourceTree = "<group>"; };
		1C90279D1B4ED57B0039E390 /* Item.swift */ = {isa = PBXFileReference; fileEncoding = 4; lastKnownFileType = sourcecode.swift; path = Item.swift; sourceTree = "<group>"; };
		1C9027A11B4F71BD0039E390 /* ItemTableViewCell.swift */ = {isa = PBXFileReference; fileEncoding = 4; lastKnownFileType = sourcecode.swift; path = ItemTableViewCell.swift; sourceTree = "<group>"; };
		1C9E248C1B7FBF4F007CEE36 /* BasicInfoController.swift */ = {isa = PBXFileReference; fileEncoding = 4; lastKnownFileType = sourcecode.swift; path = BasicInfoController.swift; sourceTree = "<group>"; };
		1C9E248E1B7FC671007CEE36 /* AddressPhoneNumController.swift */ = {isa = PBXFileReference; fileEncoding = 4; lastKnownFileType = sourcecode.swift; path = AddressPhoneNumController.swift; sourceTree = "<group>"; };
		1C9E24901B7FFB38007CEE36 /* PaymentSettingsController.swift */ = {isa = PBXFileReference; fileEncoding = 4; lastKnownFileType = sourcecode.swift; path = PaymentSettingsController.swift; sourceTree = "<group>"; };
		1C9E24921B8006EE007CEE36 /* OrderHistoryViewController.swift */ = {isa = PBXFileReference; fileEncoding = 4; lastKnownFileType = sourcecode.swift; path = OrderHistoryViewController.swift; sourceTree = "<group>"; };
		1CCD0C711B54984900821C30 /* ItemDetailCell.swift */ = {isa = PBXFileReference; fileEncoding = 4; lastKnownFileType = sourcecode.swift; path = ItemDetailCell.swift; sourceTree = "<group>"; };
		1CCD0C721B54984900821C30 /* ItemDetailCell.xib */ = {isa = PBXFileReference; fileEncoding = 4; lastKnownFileType = file.xib; path = ItemDetailCell.xib; sourceTree = "<group>"; };
		1CDF1F171B581E2400A03709 /* CartViewController.swift */ = {isa = PBXFileReference; fileEncoding = 4; lastKnownFileType = sourcecode.swift; path = CartViewController.swift; sourceTree = "<group>"; };
		1CDF1F191B581E4B00A03709 /* Cart.swift */ = {isa = PBXFileReference; fileEncoding = 4; lastKnownFileType = sourcecode.swift; path = Cart.swift; sourceTree = "<group>"; };
		1CDF1F1D1B582F7800A03709 /* CartItemCell.swift */ = {isa = PBXFileReference; fileEncoding = 4; lastKnownFileType = sourcecode.swift; path = CartItemCell.swift; sourceTree = "<group>"; };
		1CEAC0DE1B50314E00DDE13C /* ItemDetailViewController.swift */ = {isa = PBXFileReference; fileEncoding = 4; lastKnownFileType = sourcecode.swift; path = ItemDetailViewController.swift; sourceTree = "<group>"; };
		1CF26DA31B7916DA00E0676F /* CategoryPickerViewController.swift */ = {isa = PBXFileReference; fileEncoding = 4; lastKnownFileType = sourcecode.swift; path = CategoryPickerViewController.swift; sourceTree = "<group>"; };
		1CF26DA51B793A2900E0676F /* CategoryCell.swift */ = {isa = PBXFileReference; fileEncoding = 4; lastKnownFileType = sourcecode.swift; path = CategoryCell.swift; sourceTree = "<group>"; };
		1CF26DA71B79485F00E0676F /* Categories.plist */ = {isa = PBXFileReference; fileEncoding = 4; lastKnownFileType = text.plist.xml; path = Categories.plist; sourceTree = "<group>"; };
		1CF26DA91B79728A00E0676F /* SubcategoryPickerViewController.swift */ = {isa = PBXFileReference; fileEncoding = 4; lastKnownFileType = sourcecode.swift; path = SubcategoryPickerViewController.swift; sourceTree = "<group>"; };
		1CF26DAB1B7973C700E0676F /* SubcategoryCell.swift */ = {isa = PBXFileReference; fileEncoding = 4; lastKnownFileType = sourcecode.swift; path = SubcategoryCell.swift; sourceTree = "<group>"; };
		1CF26DAD1B797E8000E0676F /* Constants.swift */ = {isa = PBXFileReference; fileEncoding = 4; lastKnownFileType = sourcecode.swift; path = Constants.swift; sourceTree = "<group>"; };
		1CF26DB11B7A48C600E0676F /* Properties.plist */ = {isa = PBXFileReference; fileEncoding = 4; lastKnownFileType = text.plist.xml; path = Properties.plist; sourceTree = "<group>"; };
		1CF26DB31B7A9B6E00E0676F /* PropertyPickerController.swift */ = {isa = PBXFileReference; fileEncoding = 4; lastKnownFileType = sourcecode.swift; path = PropertyPickerController.swift; sourceTree = "<group>"; };
		1CF26DB51B7A9D0E00E0676F /* PropertyCell.swift */ = {isa = PBXFileReference; fileEncoding = 4; lastKnownFileType = sourcecode.swift; path = PropertyCell.swift; sourceTree = "<group>"; };
		1CF26DBD1B7B9CE100E0676F /* FBSDKCoreKit.framework */ = {isa = PBXFileReference; lastKnownFileType = wrapper.framework; path = FBSDKCoreKit.framework; sourceTree = "<group>"; };
		1CF26DBE1B7B9CE100E0676F /* FBSDKLoginKit.framework */ = {isa = PBXFileReference; lastKnownFileType = wrapper.framework; path = FBSDKLoginKit.framework; sourceTree = "<group>"; };
		1CF26DBF1B7B9CE100E0676F /* FBSDKShareKit.framework */ = {isa = PBXFileReference; lastKnownFileType = wrapper.framework; path = FBSDKShareKit.framework; sourceTree = "<group>"; };
		1CF26DC41B7BA22800E0676F /* LoginViewController.swift */ = {isa = PBXFileReference; fileEncoding = 4; lastKnownFileType = sourcecode.swift; path = LoginViewController.swift; sourceTree = "<group>"; };
		1CF26DC61B7BBC6F00E0676F /* AccountViewController.swift */ = {isa = PBXFileReference; fileEncoding = 4; lastKnownFileType = sourcecode.swift; path = AccountViewController.swift; sourceTree = "<group>"; };
		1CF4E1E11B5D4EA900CAC2F3 /* Listing.swift */ = {isa = PBXFileReference; fileEncoding = 4; lastKnownFileType = sourcecode.swift; path = Listing.swift; sourceTree = "<group>"; };
		1CF4E1E31B5D5A8700CAC2F3 /* User.swift */ = {isa = PBXFileReference; fileEncoding = 4; lastKnownFileType = sourcecode.swift; path = User.swift; sourceTree = "<group>"; };
		1CF4E1E81B5D6E2D00CAC2F3 /* SellViewController.swift */ = {isa = PBXFileReference; fileEncoding = 4; lastKnownFileType = sourcecode.swift; path = SellViewController.swift; sourceTree = "<group>"; };
		1CF4E1EA1B5D710C00CAC2F3 /* ListingCollectionViewCell.swift */ = {isa = PBXFileReference; fileEncoding = 4; lastKnownFileType = sourcecode.swift; path = ListingCollectionViewCell.swift; sourceTree = "<group>"; };
/* End PBXFileReference section */

/* Begin PBXFrameworksBuildPhase section */
		1C3307691B46E6B100224322 /* Frameworks */ = {
			isa = PBXFrameworksBuildPhase;
			buildActionMask = 2147483647;
			files = (
				1CF26DC11B7B9CE100E0676F /* FBSDKLoginKit.framework in Frameworks */,
				1CF26DC01B7B9CE100E0676F /* FBSDKCoreKit.framework in Frameworks */,
				1CF26DC21B7B9CE100E0676F /* FBSDKShareKit.framework in Frameworks */,
			);
			runOnlyForDeploymentPostprocessing = 0;
		};
		1C33077E1B46E6B100224322 /* Frameworks */ = {
			isa = PBXFrameworksBuildPhase;
			buildActionMask = 2147483647;
			files = (
			);
			runOnlyForDeploymentPostprocessing = 0;
		};
/* End PBXFrameworksBuildPhase section */

/* Begin PBXGroup section */
		1C3307631B46E6B100224322 = {
			isa = PBXGroup;
			children = (
				1CF26DC31B7B9CEA00E0676F /* Frameworks */,
				1C33076E1B46E6B100224322 /* Urtuu */,
				1C3307841B46E6B100224322 /* UrtuuTests */,
				1C33076D1B46E6B100224322 /* Products */,
			);
			sourceTree = "<group>";
		};
		1C33076D1B46E6B100224322 /* Products */ = {
			isa = PBXGroup;
			children = (
				1C33076C1B46E6B100224322 /* Urtuu.app */,
				1C3307811B46E6B100224322 /* UrtuuTests.xctest */,
			);
			name = Products;
			sourceTree = "<group>";
		};
		1C33076E1B46E6B100224322 /* Urtuu */ = {
			isa = PBXGroup;
			children = (
				1CF4E1E71B5D680700CAC2F3 /* Helpers */,
				1C3307951B47082500224322 /* Models */,
				1C3307941B47081B00224322 /* Controllers */,
				1C3307931B47081100224322 /* Views */,
				1C3307711B46E6B100224322 /* AppDelegate.swift */,
				1C3307751B46E6B100224322 /* Main.storyboard */,
				1C3307781B46E6B100224322 /* Images.xcassets */,
				1C33077A1B46E6B100224322 /* LaunchScreen.xib */,
				1CF26DA71B79485F00E0676F /* Categories.plist */,
				1CF26DB11B7A48C600E0676F /* Properties.plist */,
				1C33076F1B46E6B100224322 /* Supporting Files */,
			);
			path = Urtuu;
			sourceTree = "<group>";
		};
		1C33076F1B46E6B100224322 /* Supporting Files */ = {
			isa = PBXGroup;
			children = (
				1C3307701B46E6B100224322 /* Info.plist */,
			);
			name = "Supporting Files";
			sourceTree = "<group>";
		};
		1C3307841B46E6B100224322 /* UrtuuTests */ = {
			isa = PBXGroup;
			children = (
				1C3307871B46E6B100224322 /* UrtuuTests.swift */,
				1C3307851B46E6B100224322 /* Supporting Files */,
			);
			path = UrtuuTests;
			sourceTree = "<group>";
		};
		1C3307851B46E6B100224322 /* Supporting Files */ = {
			isa = PBXGroup;
			children = (
				1C3307861B46E6B100224322 /* Info.plist */,
			);
			name = "Supporting Files";
			sourceTree = "<group>";
		};
		1C3307931B47081100224322 /* Views */ = {
			isa = PBXGroup;
			children = (
				1C89FC651B597439003C5BCC /* KASlideShow.h */,
				1C89FC661B597439003C5BCC /* KASlideShow.m */,
				1C784D7B1B4B30D40054CB9B /* NavigationTableViewCell.swift */,
				1C784DB31B4C614B0054CB9B /* ItemCollectionViewCell.swift */,
				1C9027A11B4F71BD0039E390 /* ItemTableViewCell.swift */,
				1CCD0C711B54984900821C30 /* ItemDetailCell.swift */,
				1CCD0C721B54984900821C30 /* ItemDetailCell.xib */,
				1C4FD0A41B573B9C00A0A121 /* SellerCell.swift */,
				1C4FD0A51B573B9C00A0A121 /* SellerCell.xib */,
				1CDF1F1D1B582F7800A03709 /* CartItemCell.swift */,
				1C89FC641B597438003C5BCC /* Urtuu-Bridging-Header.h */,
				1CF4E1EA1B5D710C00CAC2F3 /* ListingCollectionViewCell.swift */,
				1CF26DA51B793A2900E0676F /* CategoryCell.swift */,
				1CF26DAB1B7973C700E0676F /* SubcategoryCell.swift */,
				1CF26DB51B7A9D0E00E0676F /* PropertyCell.swift */,
			);
			name = Views;
			sourceTree = "<group>";
		};
		1C3307941B47081B00224322 /* Controllers */ = {
			isa = PBXGroup;
			children = (
				1C784D731B4AF1690054CB9B /* BuyViewController.swift */,
				1C784DB11B4C5B370054CB9B /* CategoryViewController.swift */,
				1CEAC0DE1B50314E00DDE13C /* ItemDetailViewController.swift */,
				1CDF1F171B581E2400A03709 /* CartViewController.swift */,
				1CF4E1E81B5D6E2D00CAC2F3 /* SellViewController.swift */,
				1C4F95971B61B7ED00314E2A /* AddListingTableViewController.swift */,
				1CF26DA31B7916DA00E0676F /* CategoryPickerViewController.swift */,
				1CF26DA91B79728A00E0676F /* SubcategoryPickerViewController.swift */,
				1CF26DB31B7A9B6E00E0676F /* PropertyPickerController.swift */,
				1C4F95991B61BABD00314E2A /* NewListingSearchResultsController.swift */,
				1CF26DC41B7BA22800E0676F /* LoginViewController.swift */,
				1CF26DC61B7BBC6F00E0676F /* AccountViewController.swift */,
				1C9E248C1B7FBF4F007CEE36 /* BasicInfoController.swift */,
				1C9E248E1B7FC671007CEE36 /* AddressPhoneNumController.swift */,
				1C9E24901B7FFB38007CEE36 /* PaymentSettingsController.swift */,
				1C9E24921B8006EE007CEE36 /* OrderHistoryViewController.swift */,
			);
			name = Controllers;
			sourceTree = "<group>";
		};
		1C3307951B47082500224322 /* Models */ = {
			isa = PBXGroup;
			children = (
				1C90279D1B4ED57B0039E390 /* Item.swift */,
				1CDF1F191B581E4B00A03709 /* Cart.swift */,
				1CF4E1E11B5D4EA900CAC2F3 /* Listing.swift */,
				1CF4E1E31B5D5A8700CAC2F3 /* User.swift */,
			);
			name = Models;
			sourceTree = "<group>";
		};
		1CF26DC31B7B9CEA00E0676F /* Frameworks */ = {
			isa = PBXGroup;
			children = (
				1CF26DBD1B7B9CE100E0676F /* FBSDKCoreKit.framework */,
				1CF26DBE1B7B9CE100E0676F /* FBSDKLoginKit.framework */,
				1CF26DBF1B7B9CE100E0676F /* FBSDKShareKit.framework */,
			);
			name = Frameworks;
			sourceTree = "<group>";
		};
		1CF4E1E71B5D680700CAC2F3 /* Helpers */ = {
			isa = PBXGroup;
			children = (
				1C407E261B5DDC9D00991F58 /* HTTPHelper.swift */,
				1CF26DAD1B797E8000E0676F /* Constants.swift */,
			);
			name = Helpers;
			sourceTree = "<group>";
		};
/* End PBXGroup section */

/* Begin PBXNativeTarget section */
		1C33076B1B46E6B100224322 /* Urtuu */ = {
			isa = PBXNativeTarget;
			buildConfigurationList = 1C33078B1B46E6B100224322 /* Build configuration list for PBXNativeTarget "Urtuu" */;
			buildPhases = (
				1C3307681B46E6B100224322 /* Sources */,
				1C3307691B46E6B100224322 /* Frameworks */,
				1C33076A1B46E6B100224322 /* Resources */,
			);
			buildRules = (
			);
			dependencies = (
			);
			name = Urtuu;
			productName = Urtuu;
			productReference = 1C33076C1B46E6B100224322 /* Urtuu.app */;
			productType = "com.apple.product-type.application";
		};
		1C3307801B46E6B100224322 /* UrtuuTests */ = {
			isa = PBXNativeTarget;
			buildConfigurationList = 1C33078E1B46E6B100224322 /* Build configuration list for PBXNativeTarget "UrtuuTests" */;
			buildPhases = (
				1C33077D1B46E6B100224322 /* Sources */,
				1C33077E1B46E6B100224322 /* Frameworks */,
				1C33077F1B46E6B100224322 /* Resources */,
			);
			buildRules = (
			);
			dependencies = (
				1C3307831B46E6B100224322 /* PBXTargetDependency */,
			);
			name = UrtuuTests;
			productName = UrtuuTests;
			productReference = 1C3307811B46E6B100224322 /* UrtuuTests.xctest */;
			productType = "com.apple.product-type.bundle.unit-test";
		};
/* End PBXNativeTarget section */

/* Begin PBXProject section */
		1C3307641B46E6B100224322 /* Project object */ = {
			isa = PBXProject;
			attributes = {
				LastUpgradeCheck = 0640;
				ORGANIZATIONNAME = Niupiao;
				TargetAttributes = {
					1C33076B1B46E6B100224322 = {
						CreatedOnToolsVersion = 6.4;
					};
					1C3307801B46E6B100224322 = {
						CreatedOnToolsVersion = 6.4;
						TestTargetID = 1C33076B1B46E6B100224322;
					};
				};
			};
			buildConfigurationList = 1C3307671B46E6B100224322 /* Build configuration list for PBXProject "Urtuu" */;
			compatibilityVersion = "Xcode 3.2";
			developmentRegion = English;
			hasScannedForEncodings = 0;
			knownRegions = (
				en,
				Base,
			);
			mainGroup = 1C3307631B46E6B100224322;
			productRefGroup = 1C33076D1B46E6B100224322 /* Products */;
			projectDirPath = "";
			projectRoot = "";
			targets = (
				1C33076B1B46E6B100224322 /* Urtuu */,
				1C3307801B46E6B100224322 /* UrtuuTests */,
			);
		};
/* End PBXProject section */

/* Begin PBXResourcesBuildPhase section */
		1C33076A1B46E6B100224322 /* Resources */ = {
			isa = PBXResourcesBuildPhase;
			buildActionMask = 2147483647;
			files = (
				1CF26DB21B7A48C600E0676F /* Properties.plist in Resources */,
				1C3307771B46E6B100224322 /* Main.storyboard in Resources */,
				1C4FD0A71B573B9C00A0A121 /* SellerCell.xib in Resources */,
				1CCD0C741B54984900821C30 /* ItemDetailCell.xib in Resources */,
				1C33077C1B46E6B100224322 /* LaunchScreen.xib in Resources */,
				1CF26DA81B79485F00E0676F /* Categories.plist in Resources */,
				1C3307791B46E6B100224322 /* Images.xcassets in Resources */,
			);
			runOnlyForDeploymentPostprocessing = 0;
		};
		1C33077F1B46E6B100224322 /* Resources */ = {
			isa = PBXResourcesBuildPhase;
			buildActionMask = 2147483647;
			files = (
			);
			runOnlyForDeploymentPostprocessing = 0;
		};
/* End PBXResourcesBuildPhase section */

/* Begin PBXSourcesBuildPhase section */
		1C3307681B46E6B100224322 /* Sources */ = {
			isa = PBXSourcesBuildPhase;
			buildActionMask = 2147483647;
			files = (
				1C9E248D1B7FBF4F007CEE36 /* BasicInfoController.swift in Sources */,
				1CF26DA41B7916DA00E0676F /* CategoryPickerViewController.swift in Sources */,
				1C4FD0A61B573B9C00A0A121 /* SellerCell.swift in Sources */,
				1C784DB41B4C614B0054CB9B /* ItemCollectionViewCell.swift in Sources */,
				1CF26DA61B793A2900E0676F /* CategoryCell.swift in Sources */,
				1CF4E1E91B5D6E2D00CAC2F3 /* SellViewController.swift in Sources */,
				1CF26DC51B7BA22800E0676F /* LoginViewController.swift in Sources */,
				1C784DB21B4C5B370054CB9B /* CategoryViewController.swift in Sources */,
				1CF26DAC1B7973C700E0676F /* SubcategoryCell.swift in Sources */,
				1CEAC0DF1B50314E00DDE13C /* ItemDetailViewController.swift in Sources */,
				1CF4E1E41B5D5A8700CAC2F3 /* User.swift in Sources */,
				1CF26DAA1B79728A00E0676F /* SubcategoryPickerViewController.swift in Sources */,
				1CDF1F1E1B582F7800A03709 /* CartItemCell.swift in Sources */,
				1C4F95981B61B7ED00314E2A /* AddListingTableViewController.swift in Sources */,
				1C9E248F1B7FC671007CEE36 /* AddressPhoneNumController.swift in Sources */,
				1C9E24911B7FFB38007CEE36 /* PaymentSettingsController.swift in Sources */,
				1C3307721B46E6B100224322 /* AppDelegate.swift in Sources */,
				1C784D751B4AF1690054CB9B /* BuyViewController.swift in Sources */,
				1CF26DB41B7A9B6E00E0676F /* PropertyPickerController.swift in Sources */,
				1CF4E1E21B5D4EA900CAC2F3 /* Listing.swift in Sources */,
				1C4F959A1B61BABD00314E2A /* NewListingSearchResultsController.swift in Sources */,
				1C90279E1B4ED57B0039E390 /* Item.swift in Sources */,
				1CDF1F1A1B581E4B00A03709 /* Cart.swift in Sources */,
				1CDF1F181B581E2400A03709 /* CartViewController.swift in Sources */,
				1C9E24931B8006EE007CEE36 /* OrderHistoryViewController.swift in Sources */,
				1C9027A21B4F71BD0039E390 /* ItemTableViewCell.swift in Sources */,
				1C407E271B5DDC9D00991F58 /* HTTPHelper.swift in Sources */,
				1CCD0C731B54984900821C30 /* ItemDetailCell.swift in Sources */,
				1CF4E1EB1B5D710C00CAC2F3 /* ListingCollectionViewCell.swift in Sources */,
				1C89FC671B597439003C5BCC /* KASlideShow.m in Sources */,
				1CF26DC71B7BBC6F00E0676F /* AccountViewController.swift in Sources */,
				1C784D7C1B4B30D40054CB9B /* NavigationTableViewCell.swift in Sources */,
				1CF26DB61B7A9D0E00E0676F /* PropertyCell.swift in Sources */,
				1CF26DAE1B797E8000E0676F /* Constants.swift in Sources */,
			);
			runOnlyForDeploymentPostprocessing = 0;
		};
		1C33077D1B46E6B100224322 /* Sources */ = {
			isa = PBXSourcesBuildPhase;
			buildActionMask = 2147483647;
			files = (
				1C3307881B46E6B100224322 /* UrtuuTests.swift in Sources */,
			);
			runOnlyForDeploymentPostprocessing = 0;
		};
/* End PBXSourcesBuildPhase section */

/* Begin PBXTargetDependency section */
		1C3307831B46E6B100224322 /* PBXTargetDependency */ = {
			isa = PBXTargetDependency;
			target = 1C33076B1B46E6B100224322 /* Urtuu */;
			targetProxy = 1C3307821B46E6B100224322 /* PBXContainerItemProxy */;
		};
/* End PBXTargetDependency section */

/* Begin PBXVariantGroup section */
		1C3307751B46E6B100224322 /* Main.storyboard */ = {
			isa = PBXVariantGroup;
			children = (
				1C3307761B46E6B100224322 /* Base */,
			);
			name = Main.storyboard;
			sourceTree = "<group>";
		};
		1C33077A1B46E6B100224322 /* LaunchScreen.xib */ = {
			isa = PBXVariantGroup;
			children = (
				1C33077B1B46E6B100224322 /* Base */,
			);
			name = LaunchScreen.xib;
			sourceTree = "<group>";
		};
/* End PBXVariantGroup section */

/* Begin XCBuildConfiguration section */
		1C3307891B46E6B100224322 /* Debug */ = {
			isa = XCBuildConfiguration;
			buildSettings = {
				ALWAYS_SEARCH_USER_PATHS = NO;
				CLANG_CXX_LANGUAGE_STANDARD = "gnu++0x";
				CLANG_CXX_LIBRARY = "libc++";
				CLANG_ENABLE_MODULES = YES;
				CLANG_ENABLE_OBJC_ARC = YES;
				CLANG_WARN_BOOL_CONVERSION = YES;
				CLANG_WARN_CONSTANT_CONVERSION = YES;
				CLANG_WARN_DIRECT_OBJC_ISA_USAGE = YES_ERROR;
				CLANG_WARN_EMPTY_BODY = YES;
				CLANG_WARN_ENUM_CONVERSION = YES;
				CLANG_WARN_INT_CONVERSION = YES;
				CLANG_WARN_OBJC_ROOT_CLASS = YES_ERROR;
				CLANG_WARN_UNREACHABLE_CODE = YES;
				CLANG_WARN__DUPLICATE_METHOD_MATCH = YES;
				"CODE_SIGN_IDENTITY[sdk=iphoneos*]" = "iPhone Developer";
				COPY_PHASE_STRIP = NO;
				DEBUG_INFORMATION_FORMAT = "dwarf-with-dsym";
				ENABLE_STRICT_OBJC_MSGSEND = YES;
				GCC_C_LANGUAGE_STANDARD = gnu99;
				GCC_DYNAMIC_NO_PIC = NO;
				GCC_NO_COMMON_BLOCKS = YES;
				GCC_OPTIMIZATION_LEVEL = 0;
				GCC_PREPROCESSOR_DEFINITIONS = (
					"DEBUG=1",
					"$(inherited)",
				);
				GCC_SYMBOLS_PRIVATE_EXTERN = NO;
				GCC_WARN_64_TO_32_BIT_CONVERSION = YES;
				GCC_WARN_ABOUT_RETURN_TYPE = YES_ERROR;
				GCC_WARN_UNDECLARED_SELECTOR = YES;
				GCC_WARN_UNINITIALIZED_AUTOS = YES_AGGRESSIVE;
				GCC_WARN_UNUSED_FUNCTION = YES;
				GCC_WARN_UNUSED_VARIABLE = YES;
				IPHONEOS_DEPLOYMENT_TARGET = 8.4;
				MTL_ENABLE_DEBUG_INFO = YES;
				ONLY_ACTIVE_ARCH = YES;
				SDKROOT = iphoneos;
				SWIFT_OPTIMIZATION_LEVEL = "-Onone";
			};
			name = Debug;
		};
		1C33078A1B46E6B100224322 /* Release */ = {
			isa = XCBuildConfiguration;
			buildSettings = {
				ALWAYS_SEARCH_USER_PATHS = NO;
				CLANG_CXX_LANGUAGE_STANDARD = "gnu++0x";
				CLANG_CXX_LIBRARY = "libc++";
				CLANG_ENABLE_MODULES = YES;
				CLANG_ENABLE_OBJC_ARC = YES;
				CLANG_WARN_BOOL_CONVERSION = YES;
				CLANG_WARN_CONSTANT_CONVERSION = YES;
				CLANG_WARN_DIRECT_OBJC_ISA_USAGE = YES_ERROR;
				CLANG_WARN_EMPTY_BODY = YES;
				CLANG_WARN_ENUM_CONVERSION = YES;
				CLANG_WARN_INT_CONVERSION = YES;
				CLANG_WARN_OBJC_ROOT_CLASS = YES_ERROR;
				CLANG_WARN_UNREACHABLE_CODE = YES;
				CLANG_WARN__DUPLICATE_METHOD_MATCH = YES;
				"CODE_SIGN_IDENTITY[sdk=iphoneos*]" = "iPhone Developer";
				COPY_PHASE_STRIP = NO;
				DEBUG_INFORMATION_FORMAT = "dwarf-with-dsym";
				ENABLE_NS_ASSERTIONS = NO;
				ENABLE_STRICT_OBJC_MSGSEND = YES;
				GCC_C_LANGUAGE_STANDARD = gnu99;
				GCC_NO_COMMON_BLOCKS = YES;
				GCC_WARN_64_TO_32_BIT_CONVERSION = YES;
				GCC_WARN_ABOUT_RETURN_TYPE = YES_ERROR;
				GCC_WARN_UNDECLARED_SELECTOR = YES;
				GCC_WARN_UNINITIALIZED_AUTOS = YES_AGGRESSIVE;
				GCC_WARN_UNUSED_FUNCTION = YES;
				GCC_WARN_UNUSED_VARIABLE = YES;
				IPHONEOS_DEPLOYMENT_TARGET = 8.4;
				MTL_ENABLE_DEBUG_INFO = NO;
				SDKROOT = iphoneos;
				VALIDATE_PRODUCT = YES;
			};
			name = Release;
		};
		1C33078C1B46E6B100224322 /* Debug */ = {
			isa = XCBuildConfiguration;
			buildSettings = {
				ASSETCATALOG_COMPILER_APPICON_NAME = AppIcon;
				CLANG_ENABLE_MODULES = YES;
				FRAMEWORK_SEARCH_PATHS = (
					"$(inherited)",
					/Users/modsoussi/Documents/FacebookSDK,
					"$(PROJECT_DIR)",
				);
				HEADER_SEARCH_PATHS = (
					"$(inherited)",
					/Applications/Xcode.app/Contents/Developer/Toolchains/XcodeDefault.xctoolchain/usr/include,
				);
				INFOPLIST_FILE = Urtuu/Info.plist;
				IPHONEOS_DEPLOYMENT_TARGET = 8.0;
				LD_RUNPATH_SEARCH_PATHS = "$(inherited) @executable_path/Frameworks";
				LIBRARY_SEARCH_PATHS = (
					"$(inherited)",
					"$(PROJECT_DIR)/Urtuu",
					"$(PROJECT_DIR)",
				);
				OTHER_LDFLAGS = "-ObjC";
				PRODUCT_NAME = "$(TARGET_NAME)";
				SWIFT_OBJC_BRIDGING_HEADER = "Urtuu/Urtuu-Bridging-Header.h";
				SWIFT_OPTIMIZATION_LEVEL = "-Onone";
			};
			name = Debug;
		};
		1C33078D1B46E6B100224322 /* Release */ = {
			isa = XCBuildConfiguration;
			buildSettings = {
				ASSETCATALOG_COMPILER_APPICON_NAME = AppIcon;
				CLANG_ENABLE_MODULES = YES;
				FRAMEWORK_SEARCH_PATHS = (
					"$(inherited)",
					/Users/modsoussi/Documents/FacebookSDK,
					"$(PROJECT_DIR)",
				);
				HEADER_SEARCH_PATHS = (
					"$(inherited)",
					/Applications/Xcode.app/Contents/Developer/Toolchains/XcodeDefault.xctoolchain/usr/include,
				);
				INFOPLIST_FILE = Urtuu/Info.plist;
				IPHONEOS_DEPLOYMENT_TARGET = 8.0;
				LD_RUNPATH_SEARCH_PATHS = "$(inherited) @executable_path/Frameworks";
				LIBRARY_SEARCH_PATHS = (
					"$(inherited)",
					"$(PROJECT_DIR)/Urtuu",
					"$(PROJECT_DIR)",
				);
				OTHER_LDFLAGS = "-ObjC";
				PRODUCT_NAME = "$(TARGET_NAME)";
				SWIFT_OBJC_BRIDGING_HEADER = "Urtuu/Urtuu-Bridging-Header.h";
			};
			name = Release;
		};
		1C33078F1B46E6B100224322 /* Debug */ = {
			isa = XCBuildConfiguration;
			buildSettings = {
				BUNDLE_LOADER = "$(TEST_HOST)";
				FRAMEWORK_SEARCH_PATHS = (
					"$(SDKROOT)/Developer/Library/Frameworks",
					"$(inherited)",
				);
				GCC_PREPROCESSOR_DEFINITIONS = (
					"DEBUG=1",
					"$(inherited)",
				);
				HEADER_SEARCH_PATHS = (
					"$(inherited)",
					/Applications/Xcode.app/Contents/Developer/Toolchains/XcodeDefault.xctoolchain/usr/include,
					$SOURCE_ROOT/include,
				);
				INFOPLIST_FILE = UrtuuTests/Info.plist;
				LD_RUNPATH_SEARCH_PATHS = "$(inherited) @executable_path/Frameworks @loader_path/Frameworks";
				PRODUCT_NAME = "$(TARGET_NAME)";
				TEST_HOST = "$(BUILT_PRODUCTS_DIR)/Urtuu.app/Urtuu";
			};
			name = Debug;
		};
		1C3307901B46E6B100224322 /* Release */ = {
			isa = XCBuildConfiguration;
			buildSettings = {
				BUNDLE_LOADER = "$(TEST_HOST)";
				FRAMEWORK_SEARCH_PATHS = (
					"$(SDKROOT)/Developer/Library/Frameworks",
					"$(inherited)",
				);
				HEADER_SEARCH_PATHS = (
					"$(inherited)",
					/Applications/Xcode.app/Contents/Developer/Toolchains/XcodeDefault.xctoolchain/usr/include,
					$SOURCE_ROOT/include,
				);
				INFOPLIST_FILE = UrtuuTests/Info.plist;
				LD_RUNPATH_SEARCH_PATHS = "$(inherited) @executable_path/Frameworks @loader_path/Frameworks";
				PRODUCT_NAME = "$(TARGET_NAME)";
				TEST_HOST = "$(BUILT_PRODUCTS_DIR)/Urtuu.app/Urtuu";
			};
			name = Release;
		};
/* End XCBuildConfiguration section */

/* Begin XCConfigurationList section */
		1C3307671B46E6B100224322 /* Build configuration list for PBXProject "Urtuu" */ = {
			isa = XCConfigurationList;
			buildConfigurations = (
				1C3307891B46E6B100224322 /* Debug */,
				1C33078A1B46E6B100224322 /* Release */,
			);
			defaultConfigurationIsVisible = 0;
			defaultConfigurationName = Release;
		};
		1C33078B1B46E6B100224322 /* Build configuration list for PBXNativeTarget "Urtuu" */ = {
			isa = XCConfigurationList;
			buildConfigurations = (
				1C33078C1B46E6B100224322 /* Debug */,
				1C33078D1B46E6B100224322 /* Release */,
			);
			defaultConfigurationIsVisible = 0;
			defaultConfigurationName = Release;
		};
		1C33078E1B46E6B100224322 /* Build configuration list for PBXNativeTarget "UrtuuTests" */ = {
			isa = XCConfigurationList;
			buildConfigurations = (
				1C33078F1B46E6B100224322 /* Debug */,
				1C3307901B46E6B100224322 /* Release */,
			);
			defaultConfigurationIsVisible = 0;
			defaultConfigurationName = Release;
		};
/* End XCConfigurationList section */
	};
	rootObject = 1C3307641B46E6B100224322 /* Project object */;
}
